
Microsoft Visual Studio Solution File, Format Version 12.00
# Visual Studio Version 17
VisualStudioVersion = 17.3.32901.215
MinimumVisualStudioVersion = 10.0.40219.1
Project("{9A19103F-16F7-4668-BE54-9A1E7A4F7556}") = "test-blazor", "test-blazor.csproj", "{CA598B90-B208-478A-AC35-C57650AC58E3}"
EndProject
Global
	GlobalSection(SolutionConfigurationPlatforms) = preSolution
		Debug|Any CPU = Debug|Any CPU
		Release|Any CPU = Release|Any CPU
	EndGlobalSection
	GlobalSection(ProjectConfigurationPlatforms) = postSolution
		{CA598B90-B208-478A-AC35-C57650AC58E3}.Debug|Any CPU.ActiveCfg = Debug|Any CPU
		{CA598B90-B208-478A-AC35-C57650AC58E3}.Debug|Any CPU.Build.0 = Debug|Any CPU
		{CA598B90-B208-478A-AC35-C57650AC58E3}.Release|Any CPU.ActiveCfg = Release|Any CPU
		{CA598B90-B208-478A-AC35-C57650AC58E3}.Release|Any CPU.Build.0 = Release|Any CPU
	EndGlobalSection
	GlobalSection(SolutionProperties) = preSolution
		HideSolutionNode = FALSE
	EndGlobalSection
	GlobalSection(ExtensibilityGlobals) = postSolution
		SolutionGuid = {B21A2EF0-EE2F-47DB-99CF-BC3CBE48353D}
	EndGlobalSection
EndGlobal
